
Microsoft Visual Studio Solution File, Format Version 12.00
# Visual Studio Version 17
VisualStudioVersion = 17.0.31903.59
MinimumVisualStudioVersion = 10.0.40219.1
Project("{2150E333-8FDC-42A3-9474-1A3956D46DE8}") = "src", "src", "{34902CAC-B496-42F1-A512-D2C0A2CFF143}"
EndProject
Project("{FAE04EC0-301F-11D3-BF4B-00C04F79EFBC}") = "VideoCV.Client", "src\VideoCV.Client\VideoCV.Client.csproj", "{0EF77AAD-BEE3-48BA-8526-185BF2630460}"
EndProject
Project("{FAE04EC0-301F-11D3-BF4B-00C04F79EFBC}") = "VideoCV.Api", "src\VideoCV.Api\VideoCV.Api.csproj", "{A60FD928-4EDD-4F14-8F83-82496EF8C9C3}"
EndProject
Project("{FAE04EC0-301F-11D3-BF4B-00C04F79EFBC}") = "VideoCV.Shared", "src\VideoCV.Shared\VideoCV.Shared.csproj", "{7E1FC691-581C-4D90-9E27-E60FB351AB49}"
EndProject
Project("{FAE04EC0-301F-11D3-BF4B-00C04F79EFBC}") = "VideoCV.Core", "src\VideoCV.Core\VideoCV.Core.csproj", "{7A2D4410-D856-4507-8302-25F19718B7FF}"
EndProject
Global
	GlobalSection(SolutionConfigurationPlatforms) = preSolution
		Debug|Any CPU = Debug|Any CPU
		Release|Any CPU = Release|Any CPU
	EndGlobalSection
	GlobalSection(SolutionProperties) = preSolution
		HideSolutionNode = FALSE
	EndGlobalSection
	GlobalSection(ProjectConfigurationPlatforms) = postSolution
		{0EF77AAD-BEE3-48BA-8526-185BF2630460}.Debug|Any CPU.ActiveCfg = Debug|Any CPU
		{0EF77AAD-BEE3-48BA-8526-185BF2630460}.Debug|Any CPU.Build.0 = Debug|Any CPU
		{0EF77AAD-BEE3-48BA-8526-185BF2630460}.Release|Any CPU.ActiveCfg = Release|Any CPU
		{0EF77AAD-BEE3-48BA-8526-185BF2630460}.Release|Any CPU.Build.0 = Release|Any CPU
		{A60FD928-4EDD-4F14-8F83-82496EF8C9C3}.Debug|Any CPU.ActiveCfg = Debug|Any CPU
		{A60FD928-4EDD-4F14-8F83-82496EF8C9C3}.Debug|Any CPU.Build.0 = Debug|Any CPU
		{A60FD928-4EDD-4F14-8F83-82496EF8C9C3}.Release|Any CPU.ActiveCfg = Release|Any CPU
		{A60FD928-4EDD-4F14-8F83-82496EF8C9C3}.Release|Any CPU.Build.0 = Release|Any CPU
		{7E1FC691-581C-4D90-9E27-E60FB351AB49}.Debug|Any CPU.ActiveCfg = Debug|Any CPU
		{7E1FC691-581C-4D90-9E27-E60FB351AB49}.Debug|Any CPU.Build.0 = Debug|Any CPU
		{7E1FC691-581C-4D90-9E27-E60FB351AB49}.Release|Any CPU.ActiveCfg = Release|Any CPU
		{7E1FC691-581C-4D90-9E27-E60FB351AB49}.Release|Any CPU.Build.0 = Release|Any CPU
		{7A2D4410-D856-4507-8302-25F19718B7FF}.Debug|Any CPU.ActiveCfg = Debug|Any CPU
		{7A2D4410-D856-4507-8302-25F19718B7FF}.Debug|Any CPU.Build.0 = Debug|Any CPU
		{7A2D4410-D856-4507-8302-25F19718B7FF}.Release|Any CPU.ActiveCfg = Release|Any CPU
		{7A2D4410-D856-4507-8302-25F19718B7FF}.Release|Any CPU.Build.0 = Release|Any CPU
	EndGlobalSection
	GlobalSection(NestedProjects) = preSolution
		{0EF77AAD-BEE3-48BA-8526-185BF2630460} = {34902CAC-B496-42F1-A512-D2C0A2CFF143}
		{A60FD928-4EDD-4F14-8F83-82496EF8C9C3} = {34902CAC-B496-42F1-A512-D2C0A2CFF143}
		{7E1FC691-581C-4D90-9E27-E60FB351AB49} = {34902CAC-B496-42F1-A512-D2C0A2CFF143}
		{7A2D4410-D856-4507-8302-25F19718B7FF} = {34902CAC-B496-42F1-A512-D2C0A2CFF143}
	EndGlobalSection
EndGlobal
