
Microsoft Visual Studio Solution File, Format Version 12.00
# Visual Studio Version 17
VisualStudioVersion = 17.0.31903.59
MinimumVisualStudioVersion = 10.0.40219.1
Project("{2150E333-8FDC-42A3-9474-1A3956D46DE8}") = "src", "src", "{98F30CF8-CCEB-43FE-B231-56AF2C82BD51}"
EndProject
Project("{FAE04EC0-301F-11D3-BF4B-00C04F79EFBC}") = "Central.ServiceBus", "src\Central.ServiceBus\Central.ServiceBus.csproj", "{61B454CA-818A-4CD7-B416-E42C793E9673}"
EndProject
Project("{2150E333-8FDC-42A3-9474-1A3956D46DE8}") = "samples", "samples", "{308FCF41-D6B4-4937-9361-230B9888092B}"
EndProject
Project("{FAE04EC0-301F-11D3-BF4B-00C04F79EFBC}") = "Sample.Sage", "samples\Sample.Sage\Sample.Sage.csproj", "{9B73F306-7437-4DBF-A5B0-530E6B137D60}"
EndProject
Project("{FAE04EC0-301F-11D3-BF4B-00C04F79EFBC}") = "Sample.AgOne", "samples\Sample.AgOne\Sample.AgOne.csproj", "{6DBBB917-1EA0-4AD5-96FE-F6951767D68B}"
EndProject
Project("{FAE04EC0-301F-11D3-BF4B-00C04F79EFBC}") = "Sample.AgOneWork", "samples\Sample.AgOneWork\Sample.AgOneWork.csproj", "{FEC26567-56BA-4806-957E-560360ED41F7}"
EndProject
Global
	GlobalSection(SolutionConfigurationPlatforms) = preSolution
		Debug|Any CPU = Debug|Any CPU
		Release|Any CPU = Release|Any CPU
	EndGlobalSection
	GlobalSection(SolutionProperties) = preSolution
		HideSolutionNode = FALSE
	EndGlobalSection
	GlobalSection(ProjectConfigurationPlatforms) = postSolution
		{61B454CA-818A-4CD7-B416-E42C793E9673}.Debug|Any CPU.ActiveCfg = Debug|Any CPU
		{61B454CA-818A-4CD7-B416-E42C793E9673}.Debug|Any CPU.Build.0 = Debug|Any CPU
		{61B454CA-818A-4CD7-B416-E42C793E9673}.Release|Any CPU.ActiveCfg = Release|Any CPU
		{61B454CA-818A-4CD7-B416-E42C793E9673}.Release|Any CPU.Build.0 = Release|Any CPU
		{9B73F306-7437-4DBF-A5B0-530E6B137D60}.Debug|Any CPU.ActiveCfg = Debug|Any CPU
		{9B73F306-7437-4DBF-A5B0-530E6B137D60}.Debug|Any CPU.Build.0 = Debug|Any CPU
		{9B73F306-7437-4DBF-A5B0-530E6B137D60}.Release|Any CPU.ActiveCfg = Release|Any CPU
		{9B73F306-7437-4DBF-A5B0-530E6B137D60}.Release|Any CPU.Build.0 = Release|Any CPU
		{6DBBB917-1EA0-4AD5-96FE-F6951767D68B}.Debug|Any CPU.ActiveCfg = Debug|Any CPU
		{6DBBB917-1EA0-4AD5-96FE-F6951767D68B}.Debug|Any CPU.Build.0 = Debug|Any CPU
		{6DBBB917-1EA0-4AD5-96FE-F6951767D68B}.Release|Any CPU.ActiveCfg = Release|Any CPU
		{6DBBB917-1EA0-4AD5-96FE-F6951767D68B}.Release|Any CPU.Build.0 = Release|Any CPU
		{FEC26567-56BA-4806-957E-560360ED41F7}.Debug|Any CPU.ActiveCfg = Debug|Any CPU
		{FEC26567-56BA-4806-957E-560360ED41F7}.Debug|Any CPU.Build.0 = Debug|Any CPU
		{FEC26567-56BA-4806-957E-560360ED41F7}.Release|Any CPU.ActiveCfg = Release|Any CPU
		{FEC26567-56BA-4806-957E-560360ED41F7}.Release|Any CPU.Build.0 = Release|Any CPU
	EndGlobalSection
	GlobalSection(NestedProjects) = preSolution
		{61B454CA-818A-4CD7-B416-E42C793E9673} = {98F30CF8-CCEB-43FE-B231-56AF2C82BD51}
		{9B73F306-7437-4DBF-A5B0-530E6B137D60} = {308FCF41-D6B4-4937-9361-230B9888092B}
		{6DBBB917-1EA0-4AD5-96FE-F6951767D68B} = {308FCF41-D6B4-4937-9361-230B9888092B}
		{FEC26567-56BA-4806-957E-560360ED41F7} = {308FCF41-D6B4-4937-9361-230B9888092B}
	EndGlobalSection
EndGlobal
